
Microsoft Visual Studio Solution File, Format Version 12.00
# Visual Studio Version 16
VisualStudioVersion = 16.0.31702.278
MinimumVisualStudioVersion = 10.0.40219.1
Project("{FAE04EC0-301F-11D3-BF4B-00C04F79EFBC}") = "ladaplotter", "ladaplotter\ladaplotter.csproj", "{80A1789B-DFE3-412D-8651-38E9AFFEE3B7}"
EndProject
Project("{9A19103F-16F7-4668-BE54-9A1E7A4F7556}") = "ladaplotter.Resources", "ladaplotter.Resources\ladaplotter.Resources.csproj", "{D64B1694-A00A-4016-A046-F51088F237A5}"
EndProject
Project("{FAE04EC0-301F-11D3-BF4B-00C04F79EFBC}") = "ladaplotter.tests", "ladaplotter.tests\ladaplotter.tests.csproj", "{7BAA1BFA-B74B-492A-B8C5-AD308B34FF19}"
EndProject
Global
	GlobalSection(SolutionConfigurationPlatforms) = preSolution
		Debug|Any CPU = Debug|Any CPU
		Release|Any CPU = Release|Any CPU
	EndGlobalSection
	GlobalSection(ProjectConfigurationPlatforms) = postSolution
		{80A1789B-DFE3-412D-8651-38E9AFFEE3B7}.Debug|Any CPU.ActiveCfg = Debug|Any CPU
		{80A1789B-DFE3-412D-8651-38E9AFFEE3B7}.Debug|Any CPU.Build.0 = Debug|Any CPU
		{80A1789B-DFE3-412D-8651-38E9AFFEE3B7}.Release|Any CPU.ActiveCfg = Release|Any CPU
		{80A1789B-DFE3-412D-8651-38E9AFFEE3B7}.Release|Any CPU.Build.0 = Release|Any CPU
		{D64B1694-A00A-4016-A046-F51088F237A5}.Debug|Any CPU.ActiveCfg = Debug|Any CPU
		{D64B1694-A00A-4016-A046-F51088F237A5}.Debug|Any CPU.Build.0 = Debug|Any CPU
		{D64B1694-A00A-4016-A046-F51088F237A5}.Release|Any CPU.ActiveCfg = Release|Any CPU
		{D64B1694-A00A-4016-A046-F51088F237A5}.Release|Any CPU.Build.0 = Release|Any CPU
		{7BAA1BFA-B74B-492A-B8C5-AD308B34FF19}.Debug|Any CPU.ActiveCfg = Debug|Any CPU
		{7BAA1BFA-B74B-492A-B8C5-AD308B34FF19}.Debug|Any CPU.Build.0 = Debug|Any CPU
		{7BAA1BFA-B74B-492A-B8C5-AD308B34FF19}.Release|Any CPU.ActiveCfg = Release|Any CPU
		{7BAA1BFA-B74B-492A-B8C5-AD308B34FF19}.Release|Any CPU.Build.0 = Release|Any CPU
	EndGlobalSection
	GlobalSection(SolutionProperties) = preSolution
		HideSolutionNode = FALSE
	EndGlobalSection
	GlobalSection(ExtensibilityGlobals) = postSolution
		SolutionGuid = {3017CAE9-DD40-4890-8D33-C72B8C2127A1}
	EndGlobalSection
EndGlobal
